
Microsoft Visual Studio Solution File, Format Version 12.00
# Visual Studio Version 17
VisualStudioVersion = 17.8.34511.84
MinimumVisualStudioVersion = 10.0.40219.1
Project("{8BC9CEB8-8B4A-11D0-8D11-00A0C91BC942}") = "shimAppDll", "shimAppDll\shimAppDll.vcxproj", "{C96964D2-03DA-43E8-A41B-F82D025F05D6}"
EndProject
Project("{8BC9CEB8-8B4A-11D0-8D11-00A0C91BC942}") = "bootstrap_dll", "bootstrap_dll\bootstrap_dll.vcxproj", "{C7D5547C-A70C-4797-AD9A-1FA34B1E6B8E}"
EndProject
Project("{8BC9CEB8-8B4A-11D0-8D11-00A0C91BC942}") = "shimExe", "shimExe\shimExe.vcxproj", "{AAB5F147-60ED-4810-AD8D-A55902378216}"
EndProject
Project("{8BC9CEB8-8B4A-11D0-8D11-00A0C91BC942}") = "bootstrap", "bootstrap\bootstrap.vcxproj", "{9A7F4A7E-8C32-4498-A342-59E91519CB74}"
EndProject
Project("{FAE04EC0-301F-11D3-BF4B-00C04F79EFBC}") = "ILCompiler.DependencyAnalysisFramework", "ILCompiler\ILCompiler.DependencyAnalysisFramework\ILCompiler.DependencyAnalysisFramework.csproj", "{6819E873-C9F8-4D08-B243-373D9A349D39}"
EndProject
Project("{2150E333-8FDC-42A3-9474-1A3956D46DE8}") = "ILCompiler", "ILCompiler", "{D83BE40B-EB61-4C57-8ABB-49ED7ED45382}"
EndProject
Project("{FAE04EC0-301F-11D3-BF4B-00C04F79EFBC}") = "ILCompiler.MetadataWriter", "ILCompiler\ILCompiler.MetadataWriter\ILCompiler.MetadataWriter.csproj", "{3FBED2CF-7CFD-4987-A075-2E2D1DA2862C}"
EndProject
Project("{FAE04EC0-301F-11D3-BF4B-00C04F79EFBC}") = "ILCompiler.TypeSystem", "ILCompiler\ILCompiler.TypeSystem\ILCompiler.TypeSystem.csproj", "{26D8E020-C5FE-4120-A329-4D1760B374B0}"
EndProject
Project("{FAE04EC0-301F-11D3-BF4B-00C04F79EFBC}") = "ILCompiler.MetadataTransform", "ILCompiler\ILCompiler.MetadataTransform\ILCompiler.MetadataTransform.csproj", "{D1207B29-93E5-4480-8946-AD07E28D3959}"
EndProject
Project("{FAE04EC0-301F-11D3-BF4B-00C04F79EFBC}") = "ILCompiler.Compiler", "ILCompiler\ILCompiler.Compiler\ILCompiler.Compiler.csproj", "{1B785029-2A4D-47F9-8887-A1809D759C95}"
EndProject
Project("{FAE04EC0-301F-11D3-BF4B-00C04F79EFBC}") = "ILCompiler.Host", "ILCompiler\ILCompiler.Host\ILCompiler.Host.csproj", "{DFF6B5D4-608F-402B-ABC2-FB217306A88E}"
EndProject
Global
	GlobalSection(SolutionConfigurationPlatforms) = preSolution
		Debug|Any CPU = Debug|Any CPU
		Debug|x64 = Debug|x64
		Debug|x86 = Debug|x86
		Release|Any CPU = Release|Any CPU
		Release|x64 = Release|x64
		Release|x86 = Release|x86
	EndGlobalSection
	GlobalSection(ProjectConfigurationPlatforms) = postSolution
		{C96964D2-03DA-43E8-A41B-F82D025F05D6}.Debug|Any CPU.ActiveCfg = Debug|x64
		{C96964D2-03DA-43E8-A41B-F82D025F05D6}.Debug|Any CPU.Build.0 = Debug|x64
		{C96964D2-03DA-43E8-A41B-F82D025F05D6}.Debug|x64.ActiveCfg = Debug|x64
		{C96964D2-03DA-43E8-A41B-F82D025F05D6}.Debug|x64.Build.0 = Debug|x64
		{C96964D2-03DA-43E8-A41B-F82D025F05D6}.Debug|x86.ActiveCfg = Debug|Win32
		{C96964D2-03DA-43E8-A41B-F82D025F05D6}.Debug|x86.Build.0 = Debug|Win32
		{C96964D2-03DA-43E8-A41B-F82D025F05D6}.Release|Any CPU.ActiveCfg = Release|x64
		{C96964D2-03DA-43E8-A41B-F82D025F05D6}.Release|Any CPU.Build.0 = Release|x64
		{C96964D2-03DA-43E8-A41B-F82D025F05D6}.Release|x64.ActiveCfg = Release|x64
		{C96964D2-03DA-43E8-A41B-F82D025F05D6}.Release|x64.Build.0 = Release|x64
		{C96964D2-03DA-43E8-A41B-F82D025F05D6}.Release|x86.ActiveCfg = Release|Win32
		{C96964D2-03DA-43E8-A41B-F82D025F05D6}.Release|x86.Build.0 = Release|Win32
		{C7D5547C-A70C-4797-AD9A-1FA34B1E6B8E}.Debug|Any CPU.ActiveCfg = Debug|x64
		{C7D5547C-A70C-4797-AD9A-1FA34B1E6B8E}.Debug|Any CPU.Build.0 = Debug|x64
		{C7D5547C-A70C-4797-AD9A-1FA34B1E6B8E}.Debug|x64.ActiveCfg = Debug|x64
		{C7D5547C-A70C-4797-AD9A-1FA34B1E6B8E}.Debug|x64.Build.0 = Debug|x64
		{C7D5547C-A70C-4797-AD9A-1FA34B1E6B8E}.Debug|x86.ActiveCfg = Debug|Win32
		{C7D5547C-A70C-4797-AD9A-1FA34B1E6B8E}.Debug|x86.Build.0 = Debug|Win32
		{C7D5547C-A70C-4797-AD9A-1FA34B1E6B8E}.Release|Any CPU.ActiveCfg = Release|x64
		{C7D5547C-A70C-4797-AD9A-1FA34B1E6B8E}.Release|Any CPU.Build.0 = Release|x64
		{C7D5547C-A70C-4797-AD9A-1FA34B1E6B8E}.Release|x64.ActiveCfg = Release|x64
		{C7D5547C-A70C-4797-AD9A-1FA34B1E6B8E}.Release|x64.Build.0 = Release|x64
		{C7D5547C-A70C-4797-AD9A-1FA34B1E6B8E}.Release|x86.ActiveCfg = Release|Win32
		{C7D5547C-A70C-4797-AD9A-1FA34B1E6B8E}.Release|x86.Build.0 = Release|Win32
		{AAB5F147-60ED-4810-AD8D-A55902378216}.Debug|Any CPU.ActiveCfg = Debug|x64
		{AAB5F147-60ED-4810-AD8D-A55902378216}.Debug|Any CPU.Build.0 = Debug|x64
		{AAB5F147-60ED-4810-AD8D-A55902378216}.Debug|x64.ActiveCfg = Debug|x64
		{AAB5F147-60ED-4810-AD8D-A55902378216}.Debug|x64.Build.0 = Debug|x64
		{AAB5F147-60ED-4810-AD8D-A55902378216}.Debug|x86.ActiveCfg = Debug|Win32
		{AAB5F147-60ED-4810-AD8D-A55902378216}.Debug|x86.Build.0 = Debug|Win32
		{AAB5F147-60ED-4810-AD8D-A55902378216}.Release|Any CPU.ActiveCfg = Release|x64
		{AAB5F147-60ED-4810-AD8D-A55902378216}.Release|Any CPU.Build.0 = Release|x64
		{AAB5F147-60ED-4810-AD8D-A55902378216}.Release|x64.ActiveCfg = Release|x64
		{AAB5F147-60ED-4810-AD8D-A55902378216}.Release|x64.Build.0 = Release|x64
		{AAB5F147-60ED-4810-AD8D-A55902378216}.Release|x86.ActiveCfg = Release|Win32
		{AAB5F147-60ED-4810-AD8D-A55902378216}.Release|x86.Build.0 = Release|Win32
		{9A7F4A7E-8C32-4498-A342-59E91519CB74}.Debug|Any CPU.ActiveCfg = Debug|x64
		{9A7F4A7E-8C32-4498-A342-59E91519CB74}.Debug|Any CPU.Build.0 = Debug|x64
		{9A7F4A7E-8C32-4498-A342-59E91519CB74}.Debug|x64.ActiveCfg = Debug|x64
		{9A7F4A7E-8C32-4498-A342-59E91519CB74}.Debug|x64.Build.0 = Debug|x64
		{9A7F4A7E-8C32-4498-A342-59E91519CB74}.Debug|x86.ActiveCfg = Debug|Win32
		{9A7F4A7E-8C32-4498-A342-59E91519CB74}.Debug|x86.Build.0 = Debug|Win32
		{9A7F4A7E-8C32-4498-A342-59E91519CB74}.Release|Any CPU.ActiveCfg = Release|x64
		{9A7F4A7E-8C32-4498-A342-59E91519CB74}.Release|Any CPU.Build.0 = Release|x64
		{9A7F4A7E-8C32-4498-A342-59E91519CB74}.Release|x64.ActiveCfg = Release|x64
		{9A7F4A7E-8C32-4498-A342-59E91519CB74}.Release|x64.Build.0 = Release|x64
		{9A7F4A7E-8C32-4498-A342-59E91519CB74}.Release|x86.ActiveCfg = Release|Win32
		{9A7F4A7E-8C32-4498-A342-59E91519CB74}.Release|x86.Build.0 = Release|Win32
		{6819E873-C9F8-4D08-B243-373D9A349D39}.Debug|Any CPU.ActiveCfg = Debug|Any CPU
		{6819E873-C9F8-4D08-B243-373D9A349D39}.Debug|Any CPU.Build.0 = Debug|Any CPU
		{6819E873-C9F8-4D08-B243-373D9A349D39}.Debug|x64.ActiveCfg = Debug|Any CPU
		{6819E873-C9F8-4D08-B243-373D9A349D39}.Debug|x64.Build.0 = Debug|Any CPU
		{6819E873-C9F8-4D08-B243-373D9A349D39}.Debug|x86.ActiveCfg = Debug|Any CPU
		{6819E873-C9F8-4D08-B243-373D9A349D39}.Debug|x86.Build.0 = Debug|Any CPU
		{6819E873-C9F8-4D08-B243-373D9A349D39}.Release|Any CPU.ActiveCfg = Release|Any CPU
		{6819E873-C9F8-4D08-B243-373D9A349D39}.Release|Any CPU.Build.0 = Release|Any CPU
		{6819E873-C9F8-4D08-B243-373D9A349D39}.Release|x64.ActiveCfg = Release|Any CPU
		{6819E873-C9F8-4D08-B243-373D9A349D39}.Release|x64.Build.0 = Release|Any CPU
		{6819E873-C9F8-4D08-B243-373D9A349D39}.Release|x86.ActiveCfg = Release|Any CPU
		{6819E873-C9F8-4D08-B243-373D9A349D39}.Release|x86.Build.0 = Release|Any CPU
		{3FBED2CF-7CFD-4987-A075-2E2D1DA2862C}.Debug|Any CPU.ActiveCfg = Debug|Any CPU
		{3FBED2CF-7CFD-4987-A075-2E2D1DA2862C}.Debug|Any CPU.Build.0 = Debug|Any CPU
		{3FBED2CF-7CFD-4987-A075-2E2D1DA2862C}.Debug|x64.ActiveCfg = Debug|Any CPU
		{3FBED2CF-7CFD-4987-A075-2E2D1DA2862C}.Debug|x64.Build.0 = Debug|Any CPU
		{3FBED2CF-7CFD-4987-A075-2E2D1DA2862C}.Debug|x86.ActiveCfg = Debug|Any CPU
		{3FBED2CF-7CFD-4987-A075-2E2D1DA2862C}.Debug|x86.Build.0 = Debug|Any CPU
		{3FBED2CF-7CFD-4987-A075-2E2D1DA2862C}.Release|Any CPU.ActiveCfg = Debug|Any CPU
		{3FBED2CF-7CFD-4987-A075-2E2D1DA2862C}.Release|Any CPU.Build.0 = Debug|Any CPU
		{3FBED2CF-7CFD-4987-A075-2E2D1DA2862C}.Release|x64.ActiveCfg = Release|Any CPU
		{3FBED2CF-7CFD-4987-A075-2E2D1DA2862C}.Release|x64.Build.0 = Release|Any CPU
		{3FBED2CF-7CFD-4987-A075-2E2D1DA2862C}.Release|x86.ActiveCfg = Debug|Any CPU
		{3FBED2CF-7CFD-4987-A075-2E2D1DA2862C}.Release|x86.Build.0 = Debug|Any CPU
		{26D8E020-C5FE-4120-A329-4D1760B374B0}.Debug|Any CPU.ActiveCfg = Release|Any CPU
		{26D8E020-C5FE-4120-A329-4D1760B374B0}.Debug|Any CPU.Build.0 = Release|Any CPU
		{26D8E020-C5FE-4120-A329-4D1760B374B0}.Debug|x64.ActiveCfg = Release|Any CPU
		{26D8E020-C5FE-4120-A329-4D1760B374B0}.Debug|x64.Build.0 = Release|Any CPU
		{26D8E020-C5FE-4120-A329-4D1760B374B0}.Debug|x86.ActiveCfg = Release|Any CPU
		{26D8E020-C5FE-4120-A329-4D1760B374B0}.Debug|x86.Build.0 = Release|Any CPU
		{26D8E020-C5FE-4120-A329-4D1760B374B0}.Release|Any CPU.ActiveCfg = Release|Any CPU
		{26D8E020-C5FE-4120-A329-4D1760B374B0}.Release|Any CPU.Build.0 = Release|Any CPU
		{26D8E020-C5FE-4120-A329-4D1760B374B0}.Release|x64.ActiveCfg = Release|Any CPU
		{26D8E020-C5FE-4120-A329-4D1760B374B0}.Release|x64.Build.0 = Release|Any CPU
		{26D8E020-C5FE-4120-A329-4D1760B374B0}.Release|x86.ActiveCfg = Release|Any CPU
		{26D8E020-C5FE-4120-A329-4D1760B374B0}.Release|x86.Build.0 = Release|Any CPU
		{D1207B29-93E5-4480-8946-AD07E28D3959}.Debug|Any CPU.ActiveCfg = Release|Any CPU
		{D1207B29-93E5-4480-8946-AD07E28D3959}.Debug|Any CPU.Build.0 = Release|Any CPU
		{D1207B29-93E5-4480-8946-AD07E28D3959}.Debug|x64.ActiveCfg = Release|Any CPU
		{D1207B29-93E5-4480-8946-AD07E28D3959}.Debug|x64.Build.0 = Release|Any CPU
		{D1207B29-93E5-4480-8946-AD07E28D3959}.Debug|x86.ActiveCfg = Release|Any CPU
		{D1207B29-93E5-4480-8946-AD07E28D3959}.Debug|x86.Build.0 = Release|Any CPU
		{D1207B29-93E5-4480-8946-AD07E28D3959}.Release|Any CPU.ActiveCfg = Release|Any CPU
		{D1207B29-93E5-4480-8946-AD07E28D3959}.Release|Any CPU.Build.0 = Release|Any CPU
		{D1207B29-93E5-4480-8946-AD07E28D3959}.Release|x64.ActiveCfg = Release|Any CPU
		{D1207B29-93E5-4480-8946-AD07E28D3959}.Release|x64.Build.0 = Release|Any CPU
		{D1207B29-93E5-4480-8946-AD07E28D3959}.Release|x86.ActiveCfg = Release|Any CPU
		{D1207B29-93E5-4480-8946-AD07E28D3959}.Release|x86.Build.0 = Release|Any CPU
		{1B785029-2A4D-47F9-8887-A1809D759C95}.Debug|Any CPU.ActiveCfg = Release|Any CPU
		{1B785029-2A4D-47F9-8887-A1809D759C95}.Debug|Any CPU.Build.0 = Release|Any CPU
		{1B785029-2A4D-47F9-8887-A1809D759C95}.Debug|x64.ActiveCfg = Release|Any CPU
		{1B785029-2A4D-47F9-8887-A1809D759C95}.Debug|x64.Build.0 = Release|Any CPU
		{1B785029-2A4D-47F9-8887-A1809D759C95}.Debug|x86.ActiveCfg = Release|Any CPU
		{1B785029-2A4D-47F9-8887-A1809D759C95}.Debug|x86.Build.0 = Release|Any CPU
		{1B785029-2A4D-47F9-8887-A1809D759C95}.Release|Any CPU.ActiveCfg = Release|Any CPU
		{1B785029-2A4D-47F9-8887-A1809D759C95}.Release|Any CPU.Build.0 = Release|Any CPU
		{1B785029-2A4D-47F9-8887-A1809D759C95}.Release|x64.ActiveCfg = Release|Any CPU
		{1B785029-2A4D-47F9-8887-A1809D759C95}.Release|x64.Build.0 = Release|Any CPU
		{1B785029-2A4D-47F9-8887-A1809D759C95}.Release|x86.ActiveCfg = Release|Any CPU
		{1B785029-2A4D-47F9-8887-A1809D759C95}.Release|x86.Build.0 = Release|Any CPU
		{DFF6B5D4-608F-402B-ABC2-FB217306A88E}.Debug|Any CPU.ActiveCfg = Debug|Any CPU
		{DFF6B5D4-608F-402B-ABC2-FB217306A88E}.Debug|Any CPU.Build.0 = Debug|Any CPU
		{DFF6B5D4-608F-402B-ABC2-FB217306A88E}.Debug|x64.ActiveCfg = Debug|Any CPU
		{DFF6B5D4-608F-402B-ABC2-FB217306A88E}.Debug|x64.Build.0 = Debug|Any CPU
		{DFF6B5D4-608F-402B-ABC2-FB217306A88E}.Debug|x86.ActiveCfg = Debug|Any CPU
		{DFF6B5D4-608F-402B-ABC2-FB217306A88E}.Debug|x86.Build.0 = Debug|Any CPU
		{DFF6B5D4-608F-402B-ABC2-FB217306A88E}.Release|Any CPU.ActiveCfg = Release|Any CPU
		{DFF6B5D4-608F-402B-ABC2-FB217306A88E}.Release|Any CPU.Build.0 = Release|Any CPU
		{DFF6B5D4-608F-402B-ABC2-FB217306A88E}.Release|x64.ActiveCfg = Release|Any CPU
		{DFF6B5D4-608F-402B-ABC2-FB217306A88E}.Release|x64.Build.0 = Release|Any CPU
		{DFF6B5D4-608F-402B-ABC2-FB217306A88E}.Release|x86.ActiveCfg = Release|Any CPU
		{DFF6B5D4-608F-402B-ABC2-FB217306A88E}.Release|x86.Build.0 = Release|Any CPU
	EndGlobalSection
	GlobalSection(SolutionProperties) = preSolution
		HideSolutionNode = FALSE
	EndGlobalSection
	GlobalSection(NestedProjects) = preSolution
		{6819E873-C9F8-4D08-B243-373D9A349D39} = {D83BE40B-EB61-4C57-8ABB-49ED7ED45382}
		{3FBED2CF-7CFD-4987-A075-2E2D1DA2862C} = {D83BE40B-EB61-4C57-8ABB-49ED7ED45382}
		{26D8E020-C5FE-4120-A329-4D1760B374B0} = {D83BE40B-EB61-4C57-8ABB-49ED7ED45382}
		{D1207B29-93E5-4480-8946-AD07E28D3959} = {D83BE40B-EB61-4C57-8ABB-49ED7ED45382}
		{1B785029-2A4D-47F9-8887-A1809D759C95} = {D83BE40B-EB61-4C57-8ABB-49ED7ED45382}
		{DFF6B5D4-608F-402B-ABC2-FB217306A88E} = {D83BE40B-EB61-4C57-8ABB-49ED7ED45382}
	EndGlobalSection
	GlobalSection(ExtensibilityGlobals) = postSolution
		SolutionGuid = {A444FBC8-3A28-4905-BD10-5C675B60FC40}
	EndGlobalSection
EndGlobal
